
Microsoft Visual Studio Solution File, Format Version 12.00
# Visual Studio Version 16
VisualStudioVersion = 16.0.30413.136
MinimumVisualStudioVersion = 10.0.40219.1
Project("{FAE04EC0-301F-11D3-BF4B-00C04F79EFBC}") = "OOP05", "OOP05.csproj", "{83A2B983-FCC1-4D38-B1C0-01756F35EB82}"
EndProject
Global
	GlobalSection(SolutionConfigurationPlatforms) = preSolution
		Debug|Any CPU = Debug|Any CPU
		Release|Any CPU = Release|Any CPU
	EndGlobalSection
	GlobalSection(ProjectConfigurationPlatforms) = postSolution
		{83A2B983-FCC1-4D38-B1C0-01756F35EB82}.Debug|Any CPU.ActiveCfg = Debug|Any CPU
		{83A2B983-FCC1-4D38-B1C0-01756F35EB82}.Debug|Any CPU.Build.0 = Debug|Any CPU
		{83A2B983-FCC1-4D38-B1C0-01756F35EB82}.Release|Any CPU.ActiveCfg = Release|Any CPU
		{83A2B983-FCC1-4D38-B1C0-01756F35EB82}.Release|Any CPU.Build.0 = Release|Any CPU
	EndGlobalSection
	GlobalSection(SolutionProperties) = preSolution
		HideSolutionNode = FALSE
	EndGlobalSection
	GlobalSection(ExtensibilityGlobals) = postSolution
		SolutionGuid = {690DD488-8CB2-404A-951B-73D1F4C7D325}
	EndGlobalSection
EndGlobal
